
Microsoft Visual Studio Solution File, Format Version 12.00
# Visual Studio Version 17
VisualStudioVersion = 17.1.32421.90
MinimumVisualStudioVersion = 10.0.40219.1
Project("{2150E333-8FDC-42A3-9474-1A3956D46DE8}") = "src", "src", "{0047C79B-26FC-4BF3-924D-DBFEE9E4F7C3}"
EndProject
Project("{9A19103F-16F7-4668-BE54-9A1E7A4F7556}") = "ListSerialization.Core", "src\ListSerializationCore\ListSerialization.Core.csproj", "{0D44F975-2B72-44DE-9715-4152185E2AA5}"
EndProject
Project("{9A19103F-16F7-4668-BE54-9A1E7A4F7556}") = "ListSerialization.Console", "src\ListSerializationConsole\ListSerialization.Console.csproj", "{DCA7BEEF-857A-4655-A4F5-D92431A2D522}"
EndProject
Global
	GlobalSection(SolutionConfigurationPlatforms) = preSolution
		Debug|Any CPU = Debug|Any CPU
		Release|Any CPU = Release|Any CPU
	EndGlobalSection
	GlobalSection(ProjectConfigurationPlatforms) = postSolution
		{0D44F975-2B72-44DE-9715-4152185E2AA5}.Debug|Any CPU.ActiveCfg = Debug|Any CPU
		{0D44F975-2B72-44DE-9715-4152185E2AA5}.Debug|Any CPU.Build.0 = Debug|Any CPU
		{0D44F975-2B72-44DE-9715-4152185E2AA5}.Release|Any CPU.ActiveCfg = Release|Any CPU
		{0D44F975-2B72-44DE-9715-4152185E2AA5}.Release|Any CPU.Build.0 = Release|Any CPU
		{DCA7BEEF-857A-4655-A4F5-D92431A2D522}.Debug|Any CPU.ActiveCfg = Debug|Any CPU
		{DCA7BEEF-857A-4655-A4F5-D92431A2D522}.Debug|Any CPU.Build.0 = Debug|Any CPU
		{DCA7BEEF-857A-4655-A4F5-D92431A2D522}.Release|Any CPU.ActiveCfg = Release|Any CPU
		{DCA7BEEF-857A-4655-A4F5-D92431A2D522}.Release|Any CPU.Build.0 = Release|Any CPU
	EndGlobalSection
	GlobalSection(SolutionProperties) = preSolution
		HideSolutionNode = FALSE
	EndGlobalSection
	GlobalSection(NestedProjects) = preSolution
		{0D44F975-2B72-44DE-9715-4152185E2AA5} = {0047C79B-26FC-4BF3-924D-DBFEE9E4F7C3}
		{DCA7BEEF-857A-4655-A4F5-D92431A2D522} = {0047C79B-26FC-4BF3-924D-DBFEE9E4F7C3}
	EndGlobalSection
	GlobalSection(ExtensibilityGlobals) = postSolution
		SolutionGuid = {8B0DBB30-EE3C-41B5-9BA8-5592120AAEA1}
	EndGlobalSection
EndGlobal
